
Microsoft Visual Studio Solution File, Format Version 12.00
# Visual Studio Version 16
VisualStudioVersion = 16.0.29613.14
MinimumVisualStudioVersion = 10.0.40219.1
Project("{FAE04EC0-301F-11D3-BF4B-00C04F79EFBC}") = "W19_MarotoOWebAPI", "W19_MarotoOWebAPI\W19_MarotoOWebAPI.csproj", "{372E55C9-CDFC-4EC2-8A4D-77FF7146E668}"
EndProject
Global
	GlobalSection(SolutionConfigurationPlatforms) = preSolution
		Debug|Any CPU = Debug|Any CPU
		Release|Any CPU = Release|Any CPU
	EndGlobalSection
	GlobalSection(ProjectConfigurationPlatforms) = postSolution
		{372E55C9-CDFC-4EC2-8A4D-77FF7146E668}.Debug|Any CPU.ActiveCfg = Debug|Any CPU
		{372E55C9-CDFC-4EC2-8A4D-77FF7146E668}.Debug|Any CPU.Build.0 = Debug|Any CPU
		{372E55C9-CDFC-4EC2-8A4D-77FF7146E668}.Release|Any CPU.ActiveCfg = Release|Any CPU
		{372E55C9-CDFC-4EC2-8A4D-77FF7146E668}.Release|Any CPU.Build.0 = Release|Any CPU
	EndGlobalSection
	GlobalSection(SolutionProperties) = preSolution
		HideSolutionNode = FALSE
	EndGlobalSection
	GlobalSection(ExtensibilityGlobals) = postSolution
		SolutionGuid = {FAED97B9-39B0-4260-9F10-C0D7B5526972}
	EndGlobalSection
EndGlobal
